
Microsoft Visual Studio Solution File, Format Version 12.00
# Visual Studio Version 16
VisualStudioVersion = 16.0.31205.134
MinimumVisualStudioVersion = 10.0.40219.1
Project("{FAE04EC0-301F-11D3-BF4B-00C04F79EFBC}") = "2.8", "2.8.csproj", "{1EFDF173-0179-490A-BD71-871A7C46BE46}"
EndProject
Global
	GlobalSection(SolutionConfigurationPlatforms) = preSolution
		Debug|Any CPU = Debug|Any CPU
		Release|Any CPU = Release|Any CPU
	EndGlobalSection
	GlobalSection(ProjectConfigurationPlatforms) = postSolution
		{1EFDF173-0179-490A-BD71-871A7C46BE46}.Debug|Any CPU.ActiveCfg = Debug|Any CPU
		{1EFDF173-0179-490A-BD71-871A7C46BE46}.Debug|Any CPU.Build.0 = Debug|Any CPU
		{1EFDF173-0179-490A-BD71-871A7C46BE46}.Release|Any CPU.ActiveCfg = Release|Any CPU
		{1EFDF173-0179-490A-BD71-871A7C46BE46}.Release|Any CPU.Build.0 = Release|Any CPU
	EndGlobalSection
	GlobalSection(SolutionProperties) = preSolution
		HideSolutionNode = FALSE
	EndGlobalSection
	GlobalSection(ExtensibilityGlobals) = postSolution
		SolutionGuid = {77CBE4F8-F423-48A5-A9F4-F66188083C87}
	EndGlobalSection
EndGlobal
